// !$*UTF8*$!
{
	archiveVersion = 1;
	classes = {
	};
	objectVersion = 45;
	objects = {

/* Begin PBXBuildFile section */
		1D3623260D0F684500981E51 /* Apfeltalk_MagazinAppDelegate.m in Sources */ = {isa = PBXBuildFile; fileRef = 1D3623250D0F684500981E51 /* Apfeltalk_MagazinAppDelegate.m */; };
		1D60589B0D05DD56006BFB54 /* main.m in Sources */ = {isa = PBXBuildFile; fileRef = 29B97316FDCFA39411CA2CEA /* main.m */; };
		1D60589F0D05DD5A006BFB54 /* Foundation.framework in Frameworks */ = {isa = PBXBuildFile; fileRef = 1D30AB110D05D00D00671497 /* Foundation.framework */; };
		1DF5F4E00D08C38300B7A737 /* UIKit.framework in Frameworks */ = {isa = PBXBuildFile; fileRef = 1DF5F4DF0D08C38300B7A737 /* UIKit.framework */; };
		288765080DF74369002DB57D /* CoreGraphics.framework in Frameworks */ = {isa = PBXBuildFile; fileRef = 288765070DF74369002DB57D /* CoreGraphics.framework */; };
		28AD73880D9D96C1002E5188 /* MainWindow.xib in Resources */ = {isa = PBXBuildFile; fileRef = 28AD73870D9D96C1002E5188 /* MainWindow.xib */; };
		CB9E946E104490B700768B8B /* gelesen.db in Resources */ = {isa = PBXBuildFile; fileRef = CB9E946D104490B700768B8B /* gelesen.db */; };
		CB9E94841044929D00768B8B /* libsqlite3.dylib in Frameworks */ = {isa = PBXBuildFile; fileRef = CB9E94831044929D00768B8B /* libsqlite3.dylib */; };
		F6222F011041D90D00FC030D /* rss.png in Resources */ = {isa = PBXBuildFile; fileRef = F6222F001041D90D00FC030D /* rss.png */; };
		F62230401043488D00FC030D /* MediaPlayer.framework in Frameworks */ = {isa = PBXBuildFile; fileRef = F622303F1043488D00FC030D /* MediaPlayer.framework */; };
		F634305410362AA4004ACF93 /* DetailView.xib in Resources */ = {isa = PBXBuildFile; fileRef = F634304A10362AA4004ACF93 /* DetailView.xib */; };
		F634305510362AA4004ACF93 /* DetailViewController.m in Sources */ = {isa = PBXBuildFile; fileRef = F634304C10362AA4004ACF93 /* DetailViewController.m */; };
		F634305810362AA4004ACF93 /* RootViewController.m in Sources */ = {isa = PBXBuildFile; fileRef = F634305110362AA4004ACF93 /* RootViewController.m */; };
		F634306510362AC6004ACF93 /* Default.png in Resources */ = {isa = PBXBuildFile; fileRef = F634306010362AC6004ACF93 /* Default.png */; };
		F634306610362AC6004ACF93 /* icon.png in Resources */ = {isa = PBXBuildFile; fileRef = F634306110362AC6004ACF93 /* icon.png */; };
		F634306810362AC6004ACF93 /* leiste.png in Resources */ = {isa = PBXBuildFile; fileRef = F634306310362AC6004ACF93 /* leiste.png */; };
		F634308510362E27004ACF93 /* GalleryController.m in Sources */ = {isa = PBXBuildFile; fileRef = F634308410362E27004ACF93 /* GalleryController.m */; };
		F6B4FC73103697960080D615 /* DetailGallery.m in Sources */ = {isa = PBXBuildFile; fileRef = F6B4FC72103697960080D615 /* DetailGallery.m */; };
		F6DACAC7103EA57700003B92 /* PodcastController.m in Sources */ = {isa = PBXBuildFile; fileRef = F6DACAC6103EA57700003B92 /* PodcastController.m */; };
		F6DACACF103EA73F00003B92 /* DetailPodcast.m in Sources */ = {isa = PBXBuildFile; fileRef = F6DACACE103EA73F00003B92 /* DetailPodcast.m */; };
		F6DC30C11039781600A734AF /* gallery.png in Resources */ = {isa = PBXBuildFile; fileRef = F6DC30BF1039781600A734AF /* gallery.png */; };
		F6DC30C21039781600A734AF /* magazin.png in Resources */ = {isa = PBXBuildFile; fileRef = F6DC30C01039781600A734AF /* magazin.png */; };
		F6E1BB07103DE9340099D241 /* thread_dot.gif in Resources */ = {isa = PBXBuildFile; fileRef = F6E1BB05103DE9340099D241 /* thread_dot.gif */; };
		F6E1BB08103DE9340099D241 /* thread_dot_hot.gif in Resources */ = {isa = PBXBuildFile; fileRef = F6E1BB06103DE9340099D241 /* thread_dot_hot.gif */; };
/* End PBXBuildFile section */

/* Begin PBXFileReference section */
		1D30AB110D05D00D00671497 /* Foundation.framework */ = {isa = PBXFileReference; lastKnownFileType = wrapper.framework; name = Foundation.framework; path = System/Library/Frameworks/Foundation.framework; sourceTree = SDKROOT; };
		1D3623240D0F684500981E51 /* Apfeltalk_MagazinAppDelegate.h */ = {isa = PBXFileReference; fileEncoding = 4; lastKnownFileType = sourcecode.c.h; path = Apfeltalk_MagazinAppDelegate.h; sourceTree = "<group>"; };
		1D3623250D0F684500981E51 /* Apfeltalk_MagazinAppDelegate.m */ = {isa = PBXFileReference; fileEncoding = 4; lastKnownFileType = sourcecode.c.objc; path = Apfeltalk_MagazinAppDelegate.m; sourceTree = "<group>"; };
		1D6058910D05DD3D006BFB54 /* Apfeltalk Magazin.app */ = {isa = PBXFileReference; explicitFileType = wrapper.application; includeInIndex = 0; path = "Apfeltalk Magazin.app"; sourceTree = BUILT_PRODUCTS_DIR; };
		1DF5F4DF0D08C38300B7A737 /* UIKit.framework */ = {isa = PBXFileReference; lastKnownFileType = wrapper.framework; name = UIKit.framework; path = System/Library/Frameworks/UIKit.framework; sourceTree = SDKROOT; };
		288765070DF74369002DB57D /* CoreGraphics.framework */ = {isa = PBXFileReference; lastKnownFileType = wrapper.framework; name = CoreGraphics.framework; path = System/Library/Frameworks/CoreGraphics.framework; sourceTree = SDKROOT; };
		28A0AB4B0D9B1048005BE974 /* Apfeltalk_Magazin_Prefix.pch */ = {isa = PBXFileReference; fileEncoding = 4; lastKnownFileType = sourcecode.c.h; path = Apfeltalk_Magazin_Prefix.pch; sourceTree = "<group>"; };
		28AD73870D9D96C1002E5188 /* MainWindow.xib */ = {isa = PBXFileReference; lastKnownFileType = file.xib; path = MainWindow.xib; sourceTree = "<group>"; };
		29B97316FDCFA39411CA2CEA /* main.m */ = {isa = PBXFileReference; fileEncoding = 4; lastKnownFileType = sourcecode.c.objc; path = main.m; sourceTree = "<group>"; };
		8D1107310486CEB800E47090 /* Info.plist */ = {isa = PBXFileReference; fileEncoding = 4; lastKnownFileType = text.plist.xml; path = Info.plist; sourceTree = "<group>"; };
		CB9E946D104490B700768B8B /* gelesen.db */ = {isa = PBXFileReference; lastKnownFileType = file; path = gelesen.db; sourceTree = "<group>"; };
		CB9E94831044929D00768B8B /* libsqlite3.dylib */ = {isa = PBXFileReference; lastKnownFileType = "compiled.mach-o.dylib"; name = libsqlite3.dylib; path = usr/lib/libsqlite3.dylib; sourceTree = SDKROOT; };
		F6222F001041D90D00FC030D /* rss.png */ = {isa = PBXFileReference; lastKnownFileType = image.png; path = rss.png; sourceTree = "<group>"; };
		F622303F1043488D00FC030D /* MediaPlayer.framework */ = {isa = PBXFileReference; lastKnownFileType = wrapper.framework; name = MediaPlayer.framework; path = System/Library/Frameworks/MediaPlayer.framework; sourceTree = SDKROOT; };
		F634304A10362AA4004ACF93 /* DetailView.xib */ = {isa = PBXFileReference; lastKnownFileType = file.xib; path = DetailView.xib; sourceTree = "<group>"; };
		F634304B10362AA4004ACF93 /* DetailViewController.h */ = {isa = PBXFileReference; fileEncoding = 4; lastKnownFileType = sourcecode.c.h; path = DetailViewController.h; sourceTree = "<group>"; };
		F634304C10362AA4004ACF93 /* DetailViewController.m */ = {isa = PBXFileReference; fileEncoding = 4; lastKnownFileType = sourcecode.c.objc; path = DetailViewController.m; sourceTree = "<group>"; };
		F634305010362AA4004ACF93 /* RootViewController.h */ = {isa = PBXFileReference; fileEncoding = 4; lastKnownFileType = sourcecode.c.h; path = RootViewController.h; sourceTree = "<group>"; };
		F634305110362AA4004ACF93 /* RootViewController.m */ = {isa = PBXFileReference; fileEncoding = 4; lastKnownFileType = sourcecode.c.objc; path = RootViewController.m; sourceTree = "<group>"; };
		F634306010362AC6004ACF93 /* Default.png */ = {isa = PBXFileReference; lastKnownFileType = image.png; path = Default.png; sourceTree = "<group>"; };
		F634306110362AC6004ACF93 /* icon.png */ = {isa = PBXFileReference; lastKnownFileType = image.png; path = icon.png; sourceTree = "<group>"; };
		F634306310362AC6004ACF93 /* leiste.png */ = {isa = PBXFileReference; lastKnownFileType = image.png; path = leiste.png; sourceTree = "<group>"; };
		F634308310362E27004ACF93 /* GalleryController.h */ = {isa = PBXFileReference; fileEncoding = 4; lastKnownFileType = sourcecode.c.h; path = GalleryController.h; sourceTree = "<group>"; };
		F634308410362E27004ACF93 /* GalleryController.m */ = {isa = PBXFileReference; fileEncoding = 4; lastKnownFileType = sourcecode.c.objc; path = GalleryController.m; sourceTree = "<group>"; };
		F6B4FC71103697960080D615 /* DetailGallery.h */ = {isa = PBXFileReference; fileEncoding = 4; lastKnownFileType = sourcecode.c.h; path = DetailGallery.h; sourceTree = "<group>"; };
		F6B4FC72103697960080D615 /* DetailGallery.m */ = {isa = PBXFileReference; fileEncoding = 4; lastKnownFileType = sourcecode.c.objc; path = DetailGallery.m; sourceTree = "<group>"; };
		F6DACAC5103EA57700003B92 /* PodcastController.h */ = {isa = PBXFileReference; fileEncoding = 4; lastKnownFileType = sourcecode.c.h; path = PodcastController.h; sourceTree = "<group>"; };
		F6DACAC6103EA57700003B92 /* PodcastController.m */ = {isa = PBXFileReference; fileEncoding = 4; lastKnownFileType = sourcecode.c.objc; path = PodcastController.m; sourceTree = "<group>"; };
		F6DACACD103EA73F00003B92 /* DetailPodcast.h */ = {isa = PBXFileReference; fileEncoding = 4; lastKnownFileType = sourcecode.c.h; path = DetailPodcast.h; sourceTree = "<group>"; };
		F6DACACE103EA73F00003B92 /* DetailPodcast.m */ = {isa = PBXFileReference; fileEncoding = 4; lastKnownFileType = sourcecode.c.objc; path = DetailPodcast.m; sourceTree = "<group>"; };
		F6DC30BF1039781600A734AF /* gallery.png */ = {isa = PBXFileReference; lastKnownFileType = image.png; path = gallery.png; sourceTree = "<group>"; };
		F6DC30C01039781600A734AF /* magazin.png */ = {isa = PBXFileReference; lastKnownFileType = image.png; path = magazin.png; sourceTree = "<group>"; };
		F6E1BB05103DE9340099D241 /* thread_dot.gif */ = {isa = PBXFileReference; lastKnownFileType = image.gif; path = thread_dot.gif; sourceTree = "<group>"; };
		F6E1BB06103DE9340099D241 /* thread_dot_hot.gif */ = {isa = PBXFileReference; lastKnownFileType = image.gif; path = thread_dot_hot.gif; sourceTree = "<group>"; };
/* End PBXFileReference section */

/* Begin PBXFrameworksBuildPhase section */
		1D60588F0D05DD3D006BFB54 /* Frameworks */ = {
			isa = PBXFrameworksBuildPhase;
			buildActionMask = 2147483647;
			files = (
				1D60589F0D05DD5A006BFB54 /* Foundation.framework in Frameworks */,
				1DF5F4E00D08C38300B7A737 /* UIKit.framework in Frameworks */,
				288765080DF74369002DB57D /* CoreGraphics.framework in Frameworks */,
				F62230401043488D00FC030D /* MediaPlayer.framework in Frameworks */,
				CB9E94841044929D00768B8B /* libsqlite3.dylib in Frameworks */,
			);
			runOnlyForDeploymentPostprocessing = 0;
		};
/* End PBXFrameworksBuildPhase section */

/* Begin PBXGroup section */
		080E96DDFE201D6D7F000001 /* Classes */ = {
			isa = PBXGroup;
			children = (
				F6DACACD103EA73F00003B92 /* DetailPodcast.h */,
				F6DACACE103EA73F00003B92 /* DetailPodcast.m */,
				F634308310362E27004ACF93 /* GalleryController.h */,
				F634308410362E27004ACF93 /* GalleryController.m */,
				F634304B10362AA4004ACF93 /* DetailViewController.h */,
				F634304C10362AA4004ACF93 /* DetailViewController.m */,
				F6B4FC71103697960080D615 /* DetailGallery.h */,
				F6B4FC72103697960080D615 /* DetailGallery.m */,
				F6DACAC5103EA57700003B92 /* PodcastController.h */,
				F6DACAC6103EA57700003B92 /* PodcastController.m */,
				F634305010362AA4004ACF93 /* RootViewController.h */,
				F634305110362AA4004ACF93 /* RootViewController.m */,
				1D3623240D0F684500981E51 /* Apfeltalk_MagazinAppDelegate.h */,
				1D3623250D0F684500981E51 /* Apfeltalk_MagazinAppDelegate.m */,
			);
			path = Classes;
			sourceTree = "<group>";
		};
		19C28FACFE9D520D11CA2CBB /* Products */ = {
			isa = PBXGroup;
			children = (
				1D6058910D05DD3D006BFB54 /* Apfeltalk Magazin.app */,
			);
			name = Products;
			sourceTree = "<group>";
		};
		29B97314FDCFA39411CA2CEA /* Apfeltalk Magazin */ = {
			isa = PBXGroup;
			children = (
				080E96DDFE201D6D7F000001 /* Classes */,
				29B97315FDCFA39411CA2CEA /* Other Sources */,
				29B97317FDCFA39411CA2CEA /* Resources */,
				29B97323FDCFA39411CA2CEA /* Frameworks */,
				19C28FACFE9D520D11CA2CBB /* Products */,
			);
			name = "Apfeltalk Magazin";
			sourceTree = "<group>";
		};
		29B97315FDCFA39411CA2CEA /* Other Sources */ = {
			isa = PBXGroup;
			children = (
				28A0AB4B0D9B1048005BE974 /* Apfeltalk_Magazin_Prefix.pch */,
				29B97316FDCFA39411CA2CEA /* main.m */,
			);
			name = "Other Sources";
			sourceTree = "<group>";
		};
		29B97317FDCFA39411CA2CEA /* Resources */ = {
			isa = PBXGroup;
			children = (
				CB9E946D104490B700768B8B /* gelesen.db */,
				F6222F001041D90D00FC030D /* rss.png */,
				F6E1BB05103DE9340099D241 /* thread_dot.gif */,
				F6E1BB06103DE9340099D241 /* thread_dot_hot.gif */,
				F634304A10362AA4004ACF93 /* DetailView.xib */,
				F634306010362AC6004ACF93 /* Default.png */,
				F634306110362AC6004ACF93 /* icon.png */,
				F6DC30BF1039781600A734AF /* gallery.png */,
				F6DC30C01039781600A734AF /* magazin.png */,
				F634306310362AC6004ACF93 /* leiste.png */,
				28AD73870D9D96C1002E5188 /* MainWindow.xib */,
				8D1107310486CEB800E47090 /* Info.plist */,
			);
			name = Resources;
			sourceTree = "<group>";
		};
		29B97323FDCFA39411CA2CEA /* Frameworks */ = {
			isa = PBXGroup;
			children = (
				F622303F1043488D00FC030D /* MediaPlayer.framework */,
				1DF5F4DF0D08C38300B7A737 /* UIKit.framework */,
				1D30AB110D05D00D00671497 /* Foundation.framework */,
				288765070DF74369002DB57D /* CoreGraphics.framework */,
				CB9E94831044929D00768B8B /* libsqlite3.dylib */,
			);
			name = Frameworks;
			sourceTree = "<group>";
		};
/* End PBXGroup section */

/* Begin PBXNativeTarget section */
		1D6058900D05DD3D006BFB54 /* Apfeltalk Magazin */ = {
			isa = PBXNativeTarget;
			buildConfigurationList = 1D6058960D05DD3E006BFB54 /* Build configuration list for PBXNativeTarget "Apfeltalk Magazin" */;
			buildPhases = (
				1D60588D0D05DD3D006BFB54 /* Resources */,
				1D60588E0D05DD3D006BFB54 /* Sources */,
				1D60588F0D05DD3D006BFB54 /* Frameworks */,
			);
			buildRules = (
			);
			dependencies = (
			);
			name = "Apfeltalk Magazin";
			productName = "Apfeltalk Magazin";
			productReference = 1D6058910D05DD3D006BFB54 /* Apfeltalk Magazin.app */;
			productType = "com.apple.product-type.application";
		};
/* End PBXNativeTarget section */

/* Begin PBXProject section */
		29B97313FDCFA39411CA2CEA /* Project object */ = {
			isa = PBXProject;
			buildConfigurationList = C01FCF4E08A954540054247B /* Build configuration list for PBXProject "Apfeltalk Magazin" */;
			compatibilityVersion = "Xcode 3.1";
			hasScannedForEncodings = 1;
			mainGroup = 29B97314FDCFA39411CA2CEA /* Apfeltalk Magazin */;
			projectDirPath = "";
			projectRoot = "";
			targets = (
				1D6058900D05DD3D006BFB54 /* Apfeltalk Magazin */,
			);
		};
/* End PBXProject section */

/* Begin PBXResourcesBuildPhase section */
		1D60588D0D05DD3D006BFB54 /* Resources */ = {
			isa = PBXResourcesBuildPhase;
			buildActionMask = 2147483647;
			files = (
				28AD73880D9D96C1002E5188 /* MainWindow.xib in Resources */,
				F634305410362AA4004ACF93 /* DetailView.xib in Resources */,
				F634306510362AC6004ACF93 /* Default.png in Resources */,
				F634306610362AC6004ACF93 /* icon.png in Resources */,
				F634306810362AC6004ACF93 /* leiste.png in Resources */,
				F6DC30C11039781600A734AF /* gallery.png in Resources */,
				F6DC30C21039781600A734AF /* magazin.png in Resources */,
				F6E1BB07103DE9340099D241 /* thread_dot.gif in Resources */,
				F6E1BB08103DE9340099D241 /* thread_dot_hot.gif in Resources */,
				F6222F011041D90D00FC030D /* rss.png in Resources */,
				CB9E946E104490B700768B8B /* gelesen.db in Resources */,
			);
			runOnlyForDeploymentPostprocessing = 0;
		};
/* End PBXResourcesBuildPhase section */

/* Begin PBXSourcesBuildPhase section */
		1D60588E0D05DD3D006BFB54 /* Sources */ = {
			isa = PBXSourcesBuildPhase;
			buildActionMask = 2147483647;
			files = (
				1D60589B0D05DD56006BFB54 /* main.m in Sources */,
				1D3623260D0F684500981E51 /* Apfeltalk_MagazinAppDelegate.m in Sources */,
				F634305510362AA4004ACF93 /* DetailViewController.m in Sources */,
				F634305810362AA4004ACF93 /* RootViewController.m in Sources */,
				F634308510362E27004ACF93 /* GalleryController.m in Sources */,
				F6B4FC73103697960080D615 /* DetailGallery.m in Sources */,
				F6DACAC7103EA57700003B92 /* PodcastController.m in Sources */,
				F6DACACF103EA73F00003B92 /* DetailPodcast.m in Sources */,
			);
			runOnlyForDeploymentPostprocessing = 0;
		};
/* End PBXSourcesBuildPhase section */

/* Begin XCBuildConfiguration section */
		1D6058940D05DD3E006BFB54 /* Debug */ = {
			isa = XCBuildConfiguration;
			buildSettings = {
				ALWAYS_SEARCH_USER_PATHS = NO;
				COPY_PHASE_STRIP = NO;
				GCC_DYNAMIC_NO_PIC = NO;
				GCC_OPTIMIZATION_LEVEL = 0;
				GCC_PRECOMPILE_PREFIX_HEADER = YES;
				GCC_PREFIX_HEADER = Apfeltalk_Magazin_Prefix.pch;
				INFOPLIST_FILE = Info.plist;
				PRODUCT_NAME = "Apfeltalk Magazin";
			};
			name = Debug;
		};
		1D6058950D05DD3E006BFB54 /* Release */ = {
			isa = XCBuildConfiguration;
			buildSettings = {
				ALWAYS_SEARCH_USER_PATHS = NO;
				COPY_PHASE_STRIP = YES;
				GCC_PRECOMPILE_PREFIX_HEADER = YES;
				GCC_PREFIX_HEADER = Apfeltalk_Magazin_Prefix.pch;
				INFOPLIST_FILE = Info.plist;
				PRODUCT_NAME = "Apfeltalk Magazin";
			};
			name = Release;
		};
		C01FCF4F08A954540054247B /* Debug */ = {
			isa = XCBuildConfiguration;
			buildSettings = {
				ARCHS = "$(ARCHS_STANDARD_32_BIT)";
				"CODE_SIGN_IDENTITY[sdk=iphoneos*]" = "iPhone Developer";
				GCC_C_LANGUAGE_STANDARD = c99;
				GCC_WARN_ABOUT_RETURN_TYPE = YES;
				GCC_WARN_UNUSED_VARIABLE = YES;
				IBC_NOTICES = NO;
				ONLY_ACTIVE_ARCH = YES;
				PREBINDING = NO;
				SDKROOT = iphoneos3.0;
			};
			name = Debug;
		};
		C01FCF5008A954540054247B /* Release */ = {
			isa = XCBuildConfiguration;
			buildSettings = {
				ARCHS = "$(ARCHS_STANDARD_32_BIT)";
				"CODE_SIGN_IDENTITY[sdk=iphoneos*]" = "iPhone Developer";
				GCC_C_LANGUAGE_STANDARD = c99;
				GCC_WARN_ABOUT_RETURN_TYPE = YES;
				GCC_WARN_UNUSED_VARIABLE = YES;
				IBC_NOTICES = NO;
				PREBINDING = NO;
				SDKROOT = iphoneos3.0;
			};
			name = Release;
		};
/* End XCBuildConfiguration section */

/* Begin XCConfigurationList section */
		1D6058960D05DD3E006BFB54 /* Build configuration list for PBXNativeTarget "Apfeltalk Magazin" */ = {
			isa = XCConfigurationList;
			buildConfigurations = (
				1D6058940D05DD3E006BFB54 /* Debug */,
				1D6058950D05DD3E006BFB54 /* Release */,
			);
			defaultConfigurationIsVisible = 0;
			defaultConfigurationName = Release;
		};
		C01FCF4E08A954540054247B /* Build configuration list for PBXProject "Apfeltalk Magazin" */ = {
			isa = XCConfigurationList;
			buildConfigurations = (
				C01FCF4F08A954540054247B /* Debug */,
				C01FCF5008A954540054247B /* Release */,
			);
			defaultConfigurationIsVisible = 0;
			defaultConfigurationName = Release;
		};
/* End XCConfigurationList section */
	};
	rootObject = 29B97313FDCFA39411CA2CEA /* Project object */;
}
