// !$*UTF8*$!
{
	archiveVersion = 1;
	classes = {
	};
	objectVersion = 45;
	objects = {

/* Begin PBXBuildFile section */
		1D3623260D0F684500981E51 /* Apfeltalk_MagazinAppDelegate.m in Sources */ = {isa = PBXBuildFile; fileRef = 1D3623250D0F684500981E51 /* Apfeltalk_MagazinAppDelegate.m */; };
		1D60589B0D05DD56006BFB54 /* main.m in Sources */ = {isa = PBXBuildFile; fileRef = 29B97316FDCFA39411CA2CEA /* main.m */; };
		1D60589F0D05DD5A006BFB54 /* Foundation.framework in Frameworks */ = {isa = PBXBuildFile; fileRef = 1D30AB110D05D00D00671497 /* Foundation.framework */; };
		1DF5F4E00D08C38300B7A737 /* UIKit.framework in Frameworks */ = {isa = PBXBuildFile; fileRef = 1DF5F4DF0D08C38300B7A737 /* UIKit.framework */; };
		22090EBE104FAC4700A20868 /* AsyncImageView.m in Sources */ = {isa = PBXBuildFile; fileRef = 22090EBD104FAC4700A20868 /* AsyncImageView.m */; };
		22090F2C104FBECA00A20868 /* GalleryStory.m in Sources */ = {isa = PBXBuildFile; fileRef = 22090F2B104FBECA00A20868 /* GalleryStory.m */; };
		220A13261059031C001D295D /* AtomicElementView.m in Sources */ = {isa = PBXBuildFile; fileRef = 220A13201059031C001D295D /* AtomicElementView.m */; };
		220A13271059031C001D295D /* Image.m in Sources */ = {isa = PBXBuildFile; fileRef = 220A13221059031C001D295D /* Image.m */; };
		220A139510590B16001D295D /* GalleryImageViewController.m in Sources */ = {isa = PBXBuildFile; fileRef = 220A139410590B16001D295D /* GalleryImageViewController.m */; };
		22250A7210510E5E008B2EEC /* MessageUI.framework in Frameworks */ = {isa = PBXBuildFile; fileRef = 22250A7110510E5E008B2EEC /* MessageUI.framework */; };
		227E1B5F105191D600844235 /* ImageCache.m in Sources */ = {isa = PBXBuildFile; fileRef = 227E1B5E105191D600844235 /* ImageCache.m */; };
		227E1B64105191F000844235 /* ImageCacheObject.m in Sources */ = {isa = PBXBuildFile; fileRef = 227E1B63105191F000844235 /* ImageCacheObject.m */; };
		22D4A69F105001D500BC3317 /* COPYING in Resources */ = {isa = PBXBuildFile; fileRef = 22D4A69E105001D500BC3317 /* COPYING */; };
		22FB6028104D9DEA00A0F65A /* Localizable.strings in Resources */ = {isa = PBXBuildFile; fileRef = 22FB6026104D9DEA00A0F65A /* Localizable.strings */; };
		22FB60C5104DBD5100A0F65A /* Icon-Settings.png in Resources */ = {isa = PBXBuildFile; fileRef = 22FB60C4104DBD5100A0F65A /* Icon-Settings.png */; };
		22FB60DE104DC15600A0F65A /* Settings.bundle in Resources */ = {isa = PBXBuildFile; fileRef = 22FB60DD104DC15600A0F65A /* Settings.bundle */; };
		288765080DF74369002DB57D /* CoreGraphics.framework in Frameworks */ = {isa = PBXBuildFile; fileRef = 288765070DF74369002DB57D /* CoreGraphics.framework */; };
		28AD73880D9D96C1002E5188 /* MainWindow.xib in Resources */ = {isa = PBXBuildFile; fileRef = 28AD73870D9D96C1002E5188 /* MainWindow.xib */; };
		4C42FF4F10533731002CC1E8 /* ATXMLParser.m in Sources */ = {isa = PBXBuildFile; fileRef = 4C42FF4E10533731002CC1E8 /* ATXMLParser.m */; };
		4C6788341052C74E00635F55 /* LivetickerController.m in Sources */ = {isa = PBXBuildFile; fileRef = 4C6788331052C74E00635F55 /* LivetickerController.m */; };
		4C93ABBB105470020070A190 /* DetailLiveticker.m in Sources */ = {isa = PBXBuildFile; fileRef = 4C93ABBA105470020070A190 /* DetailLiveticker.m */; };
		4CC030DE1055D4340039DAB5 /* LivetickerNavigationController.m in Sources */ = {isa = PBXBuildFile; fileRef = 4CC030DD1055D4340039DAB5 /* LivetickerNavigationController.m */; };
		4CCD3C6A10470EB300627499 /* DetailBackground.png in Resources */ = {isa = PBXBuildFile; fileRef = 4CCD3C6910470EB300627499 /* DetailBackground.png */; };
		4CD36BE31058344700DD09FB /* Down.png in Resources */ = {isa = PBXBuildFile; fileRef = 4CD36BE21058344700DD09FB /* Down.png */; };
		4CD36BE71058345800DD09FB /* Up.png in Resources */ = {isa = PBXBuildFile; fileRef = 4CD36BE61058345800DD09FB /* Up.png */; };
		CB15C87B10498EBF00360BDC /* NewsController.m in Sources */ = {isa = PBXBuildFile; fileRef = CB15C87A10498EBF00360BDC /* NewsController.m */; };
		CB15C89C1049950900360BDC /* DetailNews.m in Sources */ = {isa = PBXBuildFile; fileRef = CB15C89B1049950900360BDC /* DetailNews.m */; };
		CB15C8CE1049A0CF00360BDC /* Story.m in Sources */ = {isa = PBXBuildFile; fileRef = CB15C8CD1049A0CF00360BDC /* Story.m */; };
		CB9DBA091048827C00A7B50B /* playbutton.png in Resources */ = {isa = PBXBuildFile; fileRef = CB9DBA081048827C00A7B50B /* playbutton.png */; };
		CB9E946E104490B700768B8B /* gelesen.db in Resources */ = {isa = PBXBuildFile; fileRef = CB9E946D104490B700768B8B /* gelesen.db */; };
		CB9E94841044929D00768B8B /* libsqlite3.dylib in Frameworks */ = {isa = PBXBuildFile; fileRef = CB9E94831044929D00768B8B /* libsqlite3.dylib */; };
		CBA438FA105836D9002B2077 /* libxml2.dylib in Frameworks */ = {isa = PBXBuildFile; fileRef = CBA438F9105836D9002B2077 /* libxml2.dylib */; };
		CBD0485C10558C74001F57AA /* Three20 in Resources */ = {isa = PBXBuildFile; fileRef = CBD0480810558C74001F57AA /* Three20 */; };
		F6222F011041D90D00FC030D /* rss.png in Resources */ = {isa = PBXBuildFile; fileRef = F6222F001041D90D00FC030D /* rss.png */; };
		F62230401043488D00FC030D /* MediaPlayer.framework in Frameworks */ = {isa = PBXBuildFile; fileRef = F622303F1043488D00FC030D /* MediaPlayer.framework */; };
		F634305410362AA4004ACF93 /* DetailView.xib in Resources */ = {isa = PBXBuildFile; fileRef = F634304A10362AA4004ACF93 /* DetailView.xib */; };
		F634305510362AA4004ACF93 /* DetailViewController.m in Sources */ = {isa = PBXBuildFile; fileRef = F634304C10362AA4004ACF93 /* DetailViewController.m */; };
		F634306510362AC6004ACF93 /* Default.png in Resources */ = {isa = PBXBuildFile; fileRef = F634306010362AC6004ACF93 /* Default.png */; };
		F634306610362AC6004ACF93 /* icon.png in Resources */ = {isa = PBXBuildFile; fileRef = F634306110362AC6004ACF93 /* icon.png */; };
		F634308510362E27004ACF93 /* GalleryController.m in Sources */ = {isa = PBXBuildFile; fileRef = F634308410362E27004ACF93 /* GalleryController.m */; };
		F6658266104FC21300BF91E9 /* RootViewController.m in Sources */ = {isa = PBXBuildFile; fileRef = F6658265104FC21300BF91E9 /* RootViewController.m */; };
		F69091011056B06E0044DF36 /* bubble_top.png in Resources */ = {isa = PBXBuildFile; fileRef = F69090FD1056B06E0044DF36 /* bubble_top.png */; };
		F69091021056B06E0044DF36 /* bubble_middle.png in Resources */ = {isa = PBXBuildFile; fileRef = F69090FE1056B06E0044DF36 /* bubble_middle.png */; };
		F69091031056B06E0044DF36 /* header.png in Resources */ = {isa = PBXBuildFile; fileRef = F69090FF1056B06E0044DF36 /* header.png */; };
		F69091041056B06E0044DF36 /* bubble_bottom.png in Resources */ = {isa = PBXBuildFile; fileRef = F69091001056B06E0044DF36 /* bubble_bottom.png */; };
		F6B4FC73103697960080D615 /* DetailGallery.m in Sources */ = {isa = PBXBuildFile; fileRef = F6B4FC72103697960080D615 /* DetailGallery.m */; };
		F6DACAC7103EA57700003B92 /* PodcastController.m in Sources */ = {isa = PBXBuildFile; fileRef = F6DACAC6103EA57700003B92 /* PodcastController.m */; };
		F6DACACF103EA73F00003B92 /* DetailPodcast.m in Sources */ = {isa = PBXBuildFile; fileRef = F6DACACE103EA73F00003B92 /* DetailPodcast.m */; };
		F6DC30C11039781600A734AF /* gallery.png in Resources */ = {isa = PBXBuildFile; fileRef = F6DC30BF1039781600A734AF /* gallery.png */; };
		F6DC30C21039781600A734AF /* magazin.png in Resources */ = {isa = PBXBuildFile; fileRef = F6DC30C01039781600A734AF /* magazin.png */; };
		F6E1BB07103DE9340099D241 /* thread_dot.gif in Resources */ = {isa = PBXBuildFile; fileRef = F6E1BB05103DE9340099D241 /* thread_dot.gif */; };
		F6E1BB08103DE9340099D241 /* thread_dot_hot.gif in Resources */ = {isa = PBXBuildFile; fileRef = F6E1BB06103DE9340099D241 /* thread_dot_hot.gif */; };
		F6FB789F10512B8600B10BA3 /* DetailBackground2.png in Resources */ = {isa = PBXBuildFile; fileRef = F6FB789E10512B8600B10BA3 /* DetailBackground2.png */; };
		F6FB7DD6104EDE2F007F5A54 /* Fullscreen.m in Sources */ = {isa = PBXBuildFile; fileRef = F6FB7DD4104EDE2F007F5A54 /* Fullscreen.m */; };
		F6FB7DD7104EDE2F007F5A54 /* fullscreen.xib in Resources */ = {isa = PBXBuildFile; fileRef = F6FB7DD5104EDE2F007F5A54 /* fullscreen.xib */; };
/* End PBXBuildFile section */

/* Begin PBXFileReference section */
		1D30AB110D05D00D00671497 /* Foundation.framework */ = {isa = PBXFileReference; lastKnownFileType = wrapper.framework; name = Foundation.framework; path = System/Library/Frameworks/Foundation.framework; sourceTree = SDKROOT; };
		1D3623240D0F684500981E51 /* Apfeltalk_MagazinAppDelegate.h */ = {isa = PBXFileReference; fileEncoding = 4; lastKnownFileType = sourcecode.c.h; path = Apfeltalk_MagazinAppDelegate.h; sourceTree = "<group>"; };
		1D3623250D0F684500981E51 /* Apfeltalk_MagazinAppDelegate.m */ = {isa = PBXFileReference; fileEncoding = 4; lastKnownFileType = sourcecode.c.objc; path = Apfeltalk_MagazinAppDelegate.m; sourceTree = "<group>"; };
		1D6058910D05DD3D006BFB54 /* Apfeltalk Magazin.app */ = {isa = PBXFileReference; explicitFileType = wrapper.application; includeInIndex = 0; path = "Apfeltalk Magazin.app"; sourceTree = BUILT_PRODUCTS_DIR; };
		1DF5F4DF0D08C38300B7A737 /* UIKit.framework */ = {isa = PBXFileReference; lastKnownFileType = wrapper.framework; name = UIKit.framework; path = System/Library/Frameworks/UIKit.framework; sourceTree = SDKROOT; };
		22090EBC104FAC4700A20868 /* AsyncImageView.h */ = {isa = PBXFileReference; fileEncoding = 4; lastKnownFileType = sourcecode.c.h; path = AsyncImageView.h; sourceTree = "<group>"; };
		22090EBD104FAC4700A20868 /* AsyncImageView.m */ = {isa = PBXFileReference; fileEncoding = 4; lastKnownFileType = sourcecode.c.objc; path = AsyncImageView.m; sourceTree = "<group>"; };
		22090F2A104FBECA00A20868 /* GalleryStory.h */ = {isa = PBXFileReference; fileEncoding = 4; lastKnownFileType = sourcecode.c.h; path = GalleryStory.h; sourceTree = "<group>"; };
		22090F2B104FBECA00A20868 /* GalleryStory.m */ = {isa = PBXFileReference; fileEncoding = 4; lastKnownFileType = sourcecode.c.objc; path = GalleryStory.m; sourceTree = "<group>"; };
		220A131F1059031C001D295D /* AtomicElementView.h */ = {isa = PBXFileReference; fileEncoding = 4; lastKnownFileType = sourcecode.c.h; path = AtomicElementView.h; sourceTree = "<group>"; };
		220A13201059031C001D295D /* AtomicElementView.m */ = {isa = PBXFileReference; fileEncoding = 4; lastKnownFileType = sourcecode.c.objc; path = AtomicElementView.m; sourceTree = "<group>"; };
		220A13211059031C001D295D /* Image.h */ = {isa = PBXFileReference; fileEncoding = 4; lastKnownFileType = sourcecode.c.h; path = Image.h; sourceTree = "<group>"; };
		220A13221059031C001D295D /* Image.m */ = {isa = PBXFileReference; fileEncoding = 4; lastKnownFileType = sourcecode.c.objc; path = Image.m; sourceTree = "<group>"; };
		220A139310590B16001D295D /* GalleryImageViewController.h */ = {isa = PBXFileReference; fileEncoding = 4; lastKnownFileType = sourcecode.c.h; path = GalleryImageViewController.h; sourceTree = "<group>"; };
		220A139410590B16001D295D /* GalleryImageViewController.m */ = {isa = PBXFileReference; fileEncoding = 4; lastKnownFileType = sourcecode.c.objc; path = GalleryImageViewController.m; sourceTree = "<group>"; };
		22250A7110510E5E008B2EEC /* MessageUI.framework */ = {isa = PBXFileReference; lastKnownFileType = wrapper.framework; name = MessageUI.framework; path = System/Library/Frameworks/MessageUI.framework; sourceTree = SDKROOT; };
		227E1B5D105191D600844235 /* ImageCache.h */ = {isa = PBXFileReference; fileEncoding = 4; lastKnownFileType = sourcecode.c.h; path = ImageCache.h; sourceTree = "<group>"; };
		227E1B5E105191D600844235 /* ImageCache.m */ = {isa = PBXFileReference; fileEncoding = 4; lastKnownFileType = sourcecode.c.objc; path = ImageCache.m; sourceTree = "<group>"; };
		227E1B62105191F000844235 /* ImageCacheObject.h */ = {isa = PBXFileReference; fileEncoding = 4; lastKnownFileType = sourcecode.c.h; path = ImageCacheObject.h; sourceTree = "<group>"; };
		227E1B63105191F000844235 /* ImageCacheObject.m */ = {isa = PBXFileReference; fileEncoding = 4; lastKnownFileType = sourcecode.c.objc; path = ImageCacheObject.m; sourceTree = "<group>"; };
		22D4A69E105001D500BC3317 /* COPYING */ = {isa = PBXFileReference; fileEncoding = 4; lastKnownFileType = text; path = COPYING; sourceTree = "<group>"; };
		22FB6027104D9DEA00A0F65A /* en */ = {isa = PBXFileReference; fileEncoding = 4; lastKnownFileType = text.plist.strings; name = en; path = en.lproj/Localizable.strings; sourceTree = "<group>"; };
		22FB602B104D9DFE00A0F65A /* de */ = {isa = PBXFileReference; lastKnownFileType = text.plist.strings; name = de; path = de.lproj/Localizable.strings; sourceTree = "<group>"; };
		22FB60C4104DBD5100A0F65A /* Icon-Settings.png */ = {isa = PBXFileReference; lastKnownFileType = image.png; path = "Icon-Settings.png"; sourceTree = "<group>"; };
		22FB60DD104DC15600A0F65A /* Settings.bundle */ = {isa = PBXFileReference; lastKnownFileType = "wrapper.plug-in"; path = Settings.bundle; sourceTree = "<group>"; };
		288765070DF74369002DB57D /* CoreGraphics.framework */ = {isa = PBXFileReference; lastKnownFileType = wrapper.framework; name = CoreGraphics.framework; path = System/Library/Frameworks/CoreGraphics.framework; sourceTree = SDKROOT; };
		28A0AB4B0D9B1048005BE974 /* Apfeltalk_Magazin_Prefix.pch */ = {isa = PBXFileReference; fileEncoding = 4; lastKnownFileType = sourcecode.c.h; path = Apfeltalk_Magazin_Prefix.pch; sourceTree = "<group>"; };
		28AD73870D9D96C1002E5188 /* MainWindow.xib */ = {isa = PBXFileReference; lastKnownFileType = file.xib; path = MainWindow.xib; sourceTree = "<group>"; };
		29B97316FDCFA39411CA2CEA /* main.m */ = {isa = PBXFileReference; fileEncoding = 4; lastKnownFileType = sourcecode.c.objc; path = main.m; sourceTree = "<group>"; };
		4C42FF4D10533731002CC1E8 /* ATXMLParser.h */ = {isa = PBXFileReference; fileEncoding = 4; lastKnownFileType = sourcecode.c.h; path = ATXMLParser.h; sourceTree = "<group>"; };
		4C42FF4E10533731002CC1E8 /* ATXMLParser.m */ = {isa = PBXFileReference; fileEncoding = 4; lastKnownFileType = sourcecode.c.objc; path = ATXMLParser.m; sourceTree = "<group>"; };
		4C6788321052C74E00635F55 /* LivetickerController.h */ = {isa = PBXFileReference; fileEncoding = 4; lastKnownFileType = sourcecode.c.h; path = LivetickerController.h; sourceTree = "<group>"; };
		4C6788331052C74E00635F55 /* LivetickerController.m */ = {isa = PBXFileReference; fileEncoding = 4; lastKnownFileType = sourcecode.c.objc; path = LivetickerController.m; sourceTree = "<group>"; };
		4C93ABB9105470020070A190 /* DetailLiveticker.h */ = {isa = PBXFileReference; fileEncoding = 4; lastKnownFileType = sourcecode.c.h; path = DetailLiveticker.h; sourceTree = "<group>"; };
		4C93ABBA105470020070A190 /* DetailLiveticker.m */ = {isa = PBXFileReference; fileEncoding = 4; lastKnownFileType = sourcecode.c.objc; path = DetailLiveticker.m; sourceTree = "<group>"; };
		4CC030DC1055D4340039DAB5 /* LivetickerNavigationController.h */ = {isa = PBXFileReference; fileEncoding = 4; lastKnownFileType = sourcecode.c.h; path = LivetickerNavigationController.h; sourceTree = "<group>"; };
		4CC030DD1055D4340039DAB5 /* LivetickerNavigationController.m */ = {isa = PBXFileReference; fileEncoding = 4; lastKnownFileType = sourcecode.c.objc; path = LivetickerNavigationController.m; sourceTree = "<group>"; };
		4CCD3C6910470EB300627499 /* DetailBackground.png */ = {isa = PBXFileReference; lastKnownFileType = image.png; path = DetailBackground.png; sourceTree = "<group>"; };
		4CD36BE21058344700DD09FB /* Down.png */ = {isa = PBXFileReference; lastKnownFileType = image.png; path = Down.png; sourceTree = "<group>"; };
		4CD36BE61058345800DD09FB /* Up.png */ = {isa = PBXFileReference; lastKnownFileType = image.png; path = Up.png; sourceTree = "<group>"; };
		8D1107310486CEB800E47090 /* Info.plist */ = {isa = PBXFileReference; fileEncoding = 4; lastKnownFileType = text.plist.xml; path = Info.plist; sourceTree = "<group>"; };
		CB15C87910498EBF00360BDC /* NewsController.h */ = {isa = PBXFileReference; fileEncoding = 4; lastKnownFileType = sourcecode.c.h; path = NewsController.h; sourceTree = "<group>"; };
		CB15C87A10498EBF00360BDC /* NewsController.m */ = {isa = PBXFileReference; fileEncoding = 4; lastKnownFileType = sourcecode.c.objc; path = NewsController.m; sourceTree = "<group>"; };
		CB15C89A1049950900360BDC /* DetailNews.h */ = {isa = PBXFileReference; fileEncoding = 4; lastKnownFileType = sourcecode.c.h; path = DetailNews.h; sourceTree = "<group>"; };
		CB15C89B1049950900360BDC /* DetailNews.m */ = {isa = PBXFileReference; fileEncoding = 4; lastKnownFileType = sourcecode.c.objc; path = DetailNews.m; sourceTree = "<group>"; };
		CB15C8CC1049A0CF00360BDC /* Story.h */ = {isa = PBXFileReference; fileEncoding = 4; lastKnownFileType = sourcecode.c.h; path = Story.h; sourceTree = "<group>"; };
		CB15C8CD1049A0CF00360BDC /* Story.m */ = {isa = PBXFileReference; fileEncoding = 4; lastKnownFileType = sourcecode.c.objc; path = Story.m; sourceTree = "<group>"; };
		CB9DBA081048827C00A7B50B /* playbutton.png */ = {isa = PBXFileReference; lastKnownFileType = image.png; path = playbutton.png; sourceTree = "<group>"; };
		CB9E946D104490B700768B8B /* gelesen.db */ = {isa = PBXFileReference; lastKnownFileType = file; path = gelesen.db; sourceTree = "<group>"; };
		CB9E94831044929D00768B8B /* libsqlite3.dylib */ = {isa = PBXFileReference; lastKnownFileType = "compiled.mach-o.dylib"; name = libsqlite3.dylib; path = usr/lib/libsqlite3.dylib; sourceTree = SDKROOT; };
		CBA438EC1058361C002B2077 /* UIScrollViewPrivate.h */ = {isa = PBXFileReference; fileEncoding = 4; lastKnownFileType = sourcecode.c.h; path = UIScrollViewPrivate.h; sourceTree = "<group>"; };
		CBA438F9105836D9002B2077 /* libxml2.dylib */ = {isa = PBXFileReference; lastKnownFileType = "compiled.mach-o.dylib"; name = libxml2.dylib; path = usr/lib/libxml2.dylib; sourceTree = SDKROOT; };
		CBD0480610558C2E001F57AA /* libThree20.a */ = {isa = PBXFileReference; lastKnownFileType = archive.ar; path = libThree20.a; sourceTree = "<group>"; };
		CBD0480810558C74001F57AA /* Three20 */ = {isa = PBXFileReference; lastKnownFileType = folder; path = Three20; sourceTree = "<group>"; };
		F6222F001041D90D00FC030D /* rss.png */ = {isa = PBXFileReference; lastKnownFileType = image.png; path = rss.png; sourceTree = "<group>"; };
		F622303F1043488D00FC030D /* MediaPlayer.framework */ = {isa = PBXFileReference; lastKnownFileType = wrapper.framework; name = MediaPlayer.framework; path = System/Library/Frameworks/MediaPlayer.framework; sourceTree = SDKROOT; };
		F634304A10362AA4004ACF93 /* DetailView.xib */ = {isa = PBXFileReference; lastKnownFileType = file.xib; path = DetailView.xib; sourceTree = "<group>"; };
		F634304B10362AA4004ACF93 /* DetailViewController.h */ = {isa = PBXFileReference; fileEncoding = 4; lastKnownFileType = sourcecode.c.h; path = DetailViewController.h; sourceTree = "<group>"; };
		F634304C10362AA4004ACF93 /* DetailViewController.m */ = {isa = PBXFileReference; fileEncoding = 4; lastKnownFileType = sourcecode.c.objc; path = DetailViewController.m; sourceTree = "<group>"; };
		F634305010362AA4004ACF93 /* RootViewController.h */ = {isa = PBXFileReference; fileEncoding = 4; lastKnownFileType = sourcecode.c.h; path = RootViewController.h; sourceTree = "<group>"; };
		F634306010362AC6004ACF93 /* Default.png */ = {isa = PBXFileReference; lastKnownFileType = image.png; path = Default.png; sourceTree = "<group>"; };
		F634306110362AC6004ACF93 /* icon.png */ = {isa = PBXFileReference; lastKnownFileType = image.png; path = icon.png; sourceTree = "<group>"; };
		F634308310362E27004ACF93 /* GalleryController.h */ = {isa = PBXFileReference; fileEncoding = 4; lastKnownFileType = sourcecode.c.h; path = GalleryController.h; sourceTree = "<group>"; };
		F634308410362E27004ACF93 /* GalleryController.m */ = {isa = PBXFileReference; fileEncoding = 4; lastKnownFileType = sourcecode.c.objc; path = GalleryController.m; sourceTree = "<group>"; };
		F6658265104FC21300BF91E9 /* RootViewController.m */ = {isa = PBXFileReference; fileEncoding = 4; lastKnownFileType = sourcecode.c.objc; path = RootViewController.m; sourceTree = "<group>"; };
		F69090FD1056B06E0044DF36 /* bubble_top.png */ = {isa = PBXFileReference; lastKnownFileType = image.png; path = bubble_top.png; sourceTree = "<group>"; };
		F69090FE1056B06E0044DF36 /* bubble_middle.png */ = {isa = PBXFileReference; lastKnownFileType = image.png; path = bubble_middle.png; sourceTree = "<group>"; };
		F69090FF1056B06E0044DF36 /* header.png */ = {isa = PBXFileReference; lastKnownFileType = image.png; path = header.png; sourceTree = "<group>"; };
		F69091001056B06E0044DF36 /* bubble_bottom.png */ = {isa = PBXFileReference; lastKnownFileType = image.png; path = bubble_bottom.png; sourceTree = "<group>"; };
		F6B4FC71103697960080D615 /* DetailGallery.h */ = {isa = PBXFileReference; fileEncoding = 4; lastKnownFileType = sourcecode.c.h; path = DetailGallery.h; sourceTree = "<group>"; };
		F6B4FC72103697960080D615 /* DetailGallery.m */ = {isa = PBXFileReference; fileEncoding = 4; lastKnownFileType = sourcecode.c.objc; path = DetailGallery.m; sourceTree = "<group>"; };
		F6DACAC5103EA57700003B92 /* PodcastController.h */ = {isa = PBXFileReference; fileEncoding = 4; lastKnownFileType = sourcecode.c.h; path = PodcastController.h; sourceTree = "<group>"; };
		F6DACAC6103EA57700003B92 /* PodcastController.m */ = {isa = PBXFileReference; fileEncoding = 4; lastKnownFileType = sourcecode.c.objc; path = PodcastController.m; sourceTree = "<group>"; };
		F6DACACD103EA73F00003B92 /* DetailPodcast.h */ = {isa = PBXFileReference; fileEncoding = 4; lastKnownFileType = sourcecode.c.h; path = DetailPodcast.h; sourceTree = "<group>"; };
		F6DACACE103EA73F00003B92 /* DetailPodcast.m */ = {isa = PBXFileReference; fileEncoding = 4; lastKnownFileType = sourcecode.c.objc; path = DetailPodcast.m; sourceTree = "<group>"; };
		F6DC30BF1039781600A734AF /* gallery.png */ = {isa = PBXFileReference; lastKnownFileType = image.png; path = gallery.png; sourceTree = "<group>"; };
		F6DC30C01039781600A734AF /* magazin.png */ = {isa = PBXFileReference; lastKnownFileType = image.png; path = magazin.png; sourceTree = "<group>"; };
		F6E1BB05103DE9340099D241 /* thread_dot.gif */ = {isa = PBXFileReference; lastKnownFileType = image.gif; path = thread_dot.gif; sourceTree = "<group>"; };
		F6E1BB06103DE9340099D241 /* thread_dot_hot.gif */ = {isa = PBXFileReference; lastKnownFileType = image.gif; path = thread_dot_hot.gif; sourceTree = "<group>"; };
		F6FB789E10512B8600B10BA3 /* DetailBackground2.png */ = {isa = PBXFileReference; lastKnownFileType = image.png; path = DetailBackground2.png; sourceTree = "<group>"; };
		F6FB7DD3104EDE2F007F5A54 /* Fullscreen.h */ = {isa = PBXFileReference; fileEncoding = 4; lastKnownFileType = sourcecode.c.h; path = Fullscreen.h; sourceTree = "<group>"; };
		F6FB7DD4104EDE2F007F5A54 /* Fullscreen.m */ = {isa = PBXFileReference; fileEncoding = 4; lastKnownFileType = sourcecode.c.objc; path = Fullscreen.m; sourceTree = "<group>"; };
		F6FB7DD5104EDE2F007F5A54 /* fullscreen.xib */ = {isa = PBXFileReference; lastKnownFileType = file.xib; name = fullscreen.xib; path = Classes/fullscreen.xib; sourceTree = "<group>"; };
/* End PBXFileReference section */

/* Begin PBXFrameworksBuildPhase section */
		1D60588F0D05DD3D006BFB54 /* Frameworks */ = {
			isa = PBXFrameworksBuildPhase;
			buildActionMask = 2147483647;
			files = (
				1D60589F0D05DD5A006BFB54 /* Foundation.framework in Frameworks */,
				1DF5F4E00D08C38300B7A737 /* UIKit.framework in Frameworks */,
				288765080DF74369002DB57D /* CoreGraphics.framework in Frameworks */,
				F62230401043488D00FC030D /* MediaPlayer.framework in Frameworks */,
				CB9E94841044929D00768B8B /* libsqlite3.dylib in Frameworks */,
				22250A7210510E5E008B2EEC /* MessageUI.framework in Frameworks */,
				CBA438FA105836D9002B2077 /* libxml2.dylib in Frameworks */,
			);
			runOnlyForDeploymentPostprocessing = 0;
		};
/* End PBXFrameworksBuildPhase section */

/* Begin PBXGroup section */
		080E96DDFE201D6D7F000001 /* Classes */ = {
			isa = PBXGroup;
			children = (
				220A139310590B16001D295D /* GalleryImageViewController.h */,
				220A139410590B16001D295D /* GalleryImageViewController.m */,
				220A131F1059031C001D295D /* AtomicElementView.h */,
				220A13201059031C001D295D /* AtomicElementView.m */,
				220A13211059031C001D295D /* Image.h */,
				220A13221059031C001D295D /* Image.m */,
				22090EBB104FAC3200A20868 /* Helper Views */,
				CB15C9691049B72000360BDC /* Master View Controllers */,
				CB15C9681049B70100360BDC /* Detail View Controllers */,
				CB15C8E81049A2D000360BDC /* Story Containers */,
				1D3623240D0F684500981E51 /* Apfeltalk_MagazinAppDelegate.h */,
				1D3623250D0F684500981E51 /* Apfeltalk_MagazinAppDelegate.m */,
				4C42FF4D10533731002CC1E8 /* ATXMLParser.h */,
				4C42FF4E10533731002CC1E8 /* ATXMLParser.m */,
			);
			path = Classes;
			sourceTree = "<group>";
		};
		19C28FACFE9D520D11CA2CBB /* Products */ = {
			isa = PBXGroup;
			children = (
				1D6058910D05DD3D006BFB54 /* Apfeltalk Magazin.app */,
			);
			name = Products;
			sourceTree = "<group>";
		};
		22090EBB104FAC3200A20868 /* Helper Views */ = {
			isa = PBXGroup;
			children = (
				227E1B62105191F000844235 /* ImageCacheObject.h */,
				227E1B63105191F000844235 /* ImageCacheObject.m */,
				227E1B5D105191D600844235 /* ImageCache.h */,
				227E1B5E105191D600844235 /* ImageCache.m */,
				22090EBC104FAC4700A20868 /* AsyncImageView.h */,
				22090EBD104FAC4700A20868 /* AsyncImageView.m */,
			);
			name = "Helper Views";
			sourceTree = "<group>";
		};
		29B97314FDCFA39411CA2CEA /* Apfeltalk Magazin */ = {
			isa = PBXGroup;
			children = (
				080E96DDFE201D6D7F000001 /* Classes */,
				29B97315FDCFA39411CA2CEA /* Other Sources */,
				29B97317FDCFA39411CA2CEA /* Resources */,
				29B97323FDCFA39411CA2CEA /* Frameworks */,
				19C28FACFE9D520D11CA2CBB /* Products */,
				22D4A69E105001D500BC3317 /* COPYING */,
				CBA438F9105836D9002B2077 /* libxml2.dylib */,
			);
			name = "Apfeltalk Magazin";
			sourceTree = "<group>";
		};
		29B97315FDCFA39411CA2CEA /* Other Sources */ = {
			isa = PBXGroup;
			children = (
				28A0AB4B0D9B1048005BE974 /* Apfeltalk_Magazin_Prefix.pch */,
				29B97316FDCFA39411CA2CEA /* main.m */,
				CBA438EC1058361C002B2077 /* UIScrollViewPrivate.h */,
			);
			name = "Other Sources";
			sourceTree = "<group>";
		};
		29B97317FDCFA39411CA2CEA /* Resources */ = {
			isa = PBXGroup;
			children = (
				CB1434AE1058616500B5FF14 /* Images */,
				F6FB7DD5104EDE2F007F5A54 /* fullscreen.xib */,
				F634304A10362AA4004ACF93 /* DetailView.xib */,
				28AD73870D9D96C1002E5188 /* MainWindow.xib */,
				CB9E946D104490B700768B8B /* gelesen.db */,
				8D1107310486CEB800E47090 /* Info.plist */,
				22FB60DD104DC15600A0F65A /* Settings.bundle */,
				22FB6026104D9DEA00A0F65A /* Localizable.strings */,
			);
			name = Resources;
			sourceTree = "<group>";
		};
		29B97323FDCFA39411CA2CEA /* Frameworks */ = {
			isa = PBXGroup;
			children = (
				CBD0480810558C74001F57AA /* Three20 */,
				CBD0480610558C2E001F57AA /* libThree20.a */,
				22250A7110510E5E008B2EEC /* MessageUI.framework */,
				F622303F1043488D00FC030D /* MediaPlayer.framework */,
				1DF5F4DF0D08C38300B7A737 /* UIKit.framework */,
				1D30AB110D05D00D00671497 /* Foundation.framework */,
				288765070DF74369002DB57D /* CoreGraphics.framework */,
				CB9E94831044929D00768B8B /* libsqlite3.dylib */,
			);
			name = Frameworks;
			sourceTree = "<group>";
		};
		CB1434AE1058616500B5FF14 /* Images */ = {
			isa = PBXGroup;
			children = (
				F69090FD1056B06E0044DF36 /* bubble_top.png */,
				F69090FE1056B06E0044DF36 /* bubble_middle.png */,
				F69090FF1056B06E0044DF36 /* header.png */,
				F69091001056B06E0044DF36 /* bubble_bottom.png */,
				F6FB789E10512B8600B10BA3 /* DetailBackground2.png */,
				22FB60C4104DBD5100A0F65A /* Icon-Settings.png */,
				CB9DBA081048827C00A7B50B /* playbutton.png */,
				4CCD3C6910470EB300627499 /* DetailBackground.png */,
				F6222F001041D90D00FC030D /* rss.png */,
				F6E1BB05103DE9340099D241 /* thread_dot.gif */,
				F6E1BB06103DE9340099D241 /* thread_dot_hot.gif */,
				F634306010362AC6004ACF93 /* Default.png */,
				F634306110362AC6004ACF93 /* icon.png */,
				F6DC30BF1039781600A734AF /* gallery.png */,
				F6DC30C01039781600A734AF /* magazin.png */,
				4CD36BE61058345800DD09FB /* Up.png */,
				4CD36BE21058344700DD09FB /* Down.png */,
			);
			name = Images;
			sourceTree = "<group>";
		};
		CB15C8E81049A2D000360BDC /* Story Containers */ = {
			isa = PBXGroup;
			children = (
				CB15C8CC1049A0CF00360BDC /* Story.h */,
				CB15C8CD1049A0CF00360BDC /* Story.m */,
				22090F2A104FBECA00A20868 /* GalleryStory.h */,
				22090F2B104FBECA00A20868 /* GalleryStory.m */,
			);
			name = "Story Containers";
			sourceTree = "<group>";
		};
		CB15C9681049B70100360BDC /* Detail View Controllers */ = {
			isa = PBXGroup;
			children = (
				F634304B10362AA4004ACF93 /* DetailViewController.h */,
				F634304C10362AA4004ACF93 /* DetailViewController.m */,
				F6DACACD103EA73F00003B92 /* DetailPodcast.h */,
				F6DACACE103EA73F00003B92 /* DetailPodcast.m */,
				F6FB7DD3104EDE2F007F5A54 /* Fullscreen.h */,
				F6FB7DD4104EDE2F007F5A54 /* Fullscreen.m */,
				CB15C89A1049950900360BDC /* DetailNews.h */,
				CB15C89B1049950900360BDC /* DetailNews.m */,
				F6B4FC71103697960080D615 /* DetailGallery.h */,
				F6B4FC72103697960080D615 /* DetailGallery.m */,
				4C93ABB9105470020070A190 /* DetailLiveticker.h */,
				4C93ABBA105470020070A190 /* DetailLiveticker.m */,
			);
			name = "Detail View Controllers";
			sourceTree = "<group>";
		};
		CB15C9691049B72000360BDC /* Master View Controllers */ = {
			isa = PBXGroup;
			children = (
				F634305010362AA4004ACF93 /* RootViewController.h */,
				F6658265104FC21300BF91E9 /* RootViewController.m */,
				F6DACAC5103EA57700003B92 /* PodcastController.h */,
				F6DACAC6103EA57700003B92 /* PodcastController.m */,
				F634308310362E27004ACF93 /* GalleryController.h */,
				F634308410362E27004ACF93 /* GalleryController.m */,
				CB15C87910498EBF00360BDC /* NewsController.h */,
				CB15C87A10498EBF00360BDC /* NewsController.m */,
				4C6788321052C74E00635F55 /* LivetickerController.h */,
				4C6788331052C74E00635F55 /* LivetickerController.m */,
				4CC030DC1055D4340039DAB5 /* LivetickerNavigationController.h */,
				4CC030DD1055D4340039DAB5 /* LivetickerNavigationController.m */,
			);
			name = "Master View Controllers";
			sourceTree = "<group>";
		};
/* End PBXGroup section */

/* Begin PBXNativeTarget section */
		1D6058900D05DD3D006BFB54 /* Apfeltalk Magazin */ = {
			isa = PBXNativeTarget;
			buildConfigurationList = 1D6058960D05DD3E006BFB54 /* Build configuration list for PBXNativeTarget "Apfeltalk Magazin" */;
			buildPhases = (
				1D60588D0D05DD3D006BFB54 /* Resources */,
				1D60588E0D05DD3D006BFB54 /* Sources */,
				1D60588F0D05DD3D006BFB54 /* Frameworks */,
			);
			buildRules = (
			);
			dependencies = (
			);
			name = "Apfeltalk Magazin";
			productName = "Apfeltalk Magazin";
			productReference = 1D6058910D05DD3D006BFB54 /* Apfeltalk Magazin.app */;
			productType = "com.apple.product-type.application";
		};
/* End PBXNativeTarget section */

/* Begin PBXProject section */
		29B97313FDCFA39411CA2CEA /* Project object */ = {
			isa = PBXProject;
			buildConfigurationList = C01FCF4E08A954540054247B /* Build configuration list for PBXProject "Apfeltalk Magazin" */;
			compatibilityVersion = "Xcode 3.1";
			hasScannedForEncodings = 1;
			knownRegions = (
				English,
				Japanese,
				French,
				German,
				en,
				de,
			);
			mainGroup = 29B97314FDCFA39411CA2CEA /* Apfeltalk Magazin */;
			projectDirPath = "";
			projectRoot = "";
			targets = (
				1D6058900D05DD3D006BFB54 /* Apfeltalk Magazin */,
			);
		};
/* End PBXProject section */

/* Begin PBXResourcesBuildPhase section */
		1D60588D0D05DD3D006BFB54 /* Resources */ = {
			isa = PBXResourcesBuildPhase;
			buildActionMask = 2147483647;
			files = (
				28AD73880D9D96C1002E5188 /* MainWindow.xib in Resources */,
				F634305410362AA4004ACF93 /* DetailView.xib in Resources */,
				F634306510362AC6004ACF93 /* Default.png in Resources */,
				F634306610362AC6004ACF93 /* icon.png in Resources */,
				F6DC30C11039781600A734AF /* gallery.png in Resources */,
				F6DC30C21039781600A734AF /* magazin.png in Resources */,
				F6E1BB07103DE9340099D241 /* thread_dot.gif in Resources */,
				F6E1BB08103DE9340099D241 /* thread_dot_hot.gif in Resources */,
				F6222F011041D90D00FC030D /* rss.png in Resources */,
				CB9E946E104490B700768B8B /* gelesen.db in Resources */,
				4CCD3C6A10470EB300627499 /* DetailBackground.png in Resources */,
				CB9DBA091048827C00A7B50B /* playbutton.png in Resources */,
				22FB6028104D9DEA00A0F65A /* Localizable.strings in Resources */,
				22FB60C5104DBD5100A0F65A /* Icon-Settings.png in Resources */,
				22FB60DE104DC15600A0F65A /* Settings.bundle in Resources */,
				F6FB7DD7104EDE2F007F5A54 /* fullscreen.xib in Resources */,
				22D4A69F105001D500BC3317 /* COPYING in Resources */,
				F6FB789F10512B8600B10BA3 /* DetailBackground2.png in Resources */,
				CBD0485C10558C74001F57AA /* Three20 in Resources */,
				F69091011056B06E0044DF36 /* bubble_top.png in Resources */,
				F69091021056B06E0044DF36 /* bubble_middle.png in Resources */,
				F69091031056B06E0044DF36 /* header.png in Resources */,
				F69091041056B06E0044DF36 /* bubble_bottom.png in Resources */,
				4CD36BE31058344700DD09FB /* Down.png in Resources */,
				4CD36BE71058345800DD09FB /* Up.png in Resources */,
			);
			runOnlyForDeploymentPostprocessing = 0;
		};
/* End PBXResourcesBuildPhase section */

/* Begin PBXSourcesBuildPhase section */
		1D60588E0D05DD3D006BFB54 /* Sources */ = {
			isa = PBXSourcesBuildPhase;
			buildActionMask = 2147483647;
			files = (
				1D60589B0D05DD56006BFB54 /* main.m in Sources */,
				1D3623260D0F684500981E51 /* Apfeltalk_MagazinAppDelegate.m in Sources */,
				F634305510362AA4004ACF93 /* DetailViewController.m in Sources */,
				F634308510362E27004ACF93 /* GalleryController.m in Sources */,
				F6B4FC73103697960080D615 /* DetailGallery.m in Sources */,
				F6DACAC7103EA57700003B92 /* PodcastController.m in Sources */,
				F6DACACF103EA73F00003B92 /* DetailPodcast.m in Sources */,
				CB15C87B10498EBF00360BDC /* NewsController.m in Sources */,
				CB15C89C1049950900360BDC /* DetailNews.m in Sources */,
				CB15C8CE1049A0CF00360BDC /* Story.m in Sources */,
				22090EBE104FAC4700A20868 /* AsyncImageView.m in Sources */,
				22090F2C104FBECA00A20868 /* GalleryStory.m in Sources */,
				F6FB7DD6104EDE2F007F5A54 /* Fullscreen.m in Sources */,
				F6658266104FC21300BF91E9 /* RootViewController.m in Sources */,
				227E1B5F105191D600844235 /* ImageCache.m in Sources */,
				227E1B64105191F000844235 /* ImageCacheObject.m in Sources */,
				4C6788341052C74E00635F55 /* LivetickerController.m in Sources */,
				4C42FF4F10533731002CC1E8 /* ATXMLParser.m in Sources */,
				4C93ABBB105470020070A190 /* DetailLiveticker.m in Sources */,
				4CC030DE1055D4340039DAB5 /* LivetickerNavigationController.m in Sources */,
				220A13261059031C001D295D /* AtomicElementView.m in Sources */,
				220A13271059031C001D295D /* Image.m in Sources */,
				220A139510590B16001D295D /* GalleryImageViewController.m in Sources */,
			);
			runOnlyForDeploymentPostprocessing = 0;
		};
/* End PBXSourcesBuildPhase section */

/* Begin PBXVariantGroup section */
		22FB6026104D9DEA00A0F65A /* Localizable.strings */ = {
			isa = PBXVariantGroup;
			children = (
				22FB6027104D9DEA00A0F65A /* en */,
				22FB602B104D9DFE00A0F65A /* de */,
			);
			name = Localizable.strings;
			sourceTree = "<group>";
		};
/* End PBXVariantGroup section */

/* Begin XCBuildConfiguration section */
		1D6058940D05DD3E006BFB54 /* Debug */ = {
			isa = XCBuildConfiguration;
			buildSettings = {
				ALWAYS_SEARCH_USER_PATHS = NO;
				COPY_PHASE_STRIP = NO;
				GCC_DYNAMIC_NO_PIC = NO;
				GCC_OPTIMIZATION_LEVEL = 0;
				GCC_PRECOMPILE_PREFIX_HEADER = YES;
				GCC_PREFIX_HEADER = Apfeltalk_Magazin_Prefix.pch;
				HEADER_SEARCH_PATHS = (
					/usr/include/libxml2,
					"\"$(SRCROOT)\"",
				);
				INFOPLIST_FILE = Info.plist;
				LIBRARY_SEARCH_PATHS = (
					"$(inherited)",
					"\"$(SRCROOT)\"",
				);
				OTHER_LDFLAGS = "-lThree20";
				"OTHER_LDFLAGS[sdk=iphonesimulator*][arch=*]" = "-lThree20Simulator";
				PRODUCT_NAME = "Apfeltalk Magazin";
			};
			name = Debug;
		};
		1D6058950D05DD3E006BFB54 /* Release */ = {
			isa = XCBuildConfiguration;
			buildSettings = {
				ALWAYS_SEARCH_USER_PATHS = NO;
				COPY_PHASE_STRIP = YES;
				GCC_PRECOMPILE_PREFIX_HEADER = YES;
				GCC_PREFIX_HEADER = Apfeltalk_Magazin_Prefix.pch;
				HEADER_SEARCH_PATHS = (
					/usr/include/libxml2,
					"\"$(SRCROOT)\"",
				);
				INFOPLIST_FILE = Info.plist;
				LIBRARY_SEARCH_PATHS = (
					"$(inherited)",
					"\"$(SRCROOT)\"",
				);
				OTHER_LDFLAGS = "-lThree20";
				"OTHER_LDFLAGS[sdk=iphonesimulator*][arch=*]" = "-lThree20Simulator";
				PRODUCT_NAME = "Apfeltalk Magazin";
			};
			name = Release;
		};
		C01FCF4F08A954540054247B /* Debug */ = {
			isa = XCBuildConfiguration;
			buildSettings = {
				ARCHS = "$(ARCHS_STANDARD_32_BIT)";
				"CODE_SIGN_IDENTITY[sdk=iphoneos*]" = "iPhone Developer";
				GCC_C_LANGUAGE_STANDARD = c99;
				GCC_WARN_ABOUT_RETURN_TYPE = YES;
				GCC_WARN_UNUSED_VARIABLE = YES;
				IBC_NOTICES = NO;
				ONLY_ACTIVE_ARCH = YES;
				PREBINDING = NO;
				SDKROOT = iphoneos3.0;
			};
			name = Debug;
		};
		C01FCF5008A954540054247B /* Release */ = {
			isa = XCBuildConfiguration;
			buildSettings = {
				ARCHS = "$(ARCHS_STANDARD_32_BIT)";
				"CODE_SIGN_IDENTITY[sdk=iphoneos*]" = "iPhone Developer";
				GCC_C_LANGUAGE_STANDARD = c99;
				GCC_WARN_ABOUT_RETURN_TYPE = YES;
				GCC_WARN_UNUSED_VARIABLE = YES;
				IBC_NOTICES = NO;
				PREBINDING = NO;
				SDKROOT = iphoneos3.0;
			};
			name = Release;
		};
/* End XCBuildConfiguration section */

/* Begin XCConfigurationList section */
		1D6058960D05DD3E006BFB54 /* Build configuration list for PBXNativeTarget "Apfeltalk Magazin" */ = {
			isa = XCConfigurationList;
			buildConfigurations = (
				1D6058940D05DD3E006BFB54 /* Debug */,
				1D6058950D05DD3E006BFB54 /* Release */,
			);
			defaultConfigurationIsVisible = 0;
			defaultConfigurationName = Release;
		};
		C01FCF4E08A954540054247B /* Build configuration list for PBXProject "Apfeltalk Magazin" */ = {
			isa = XCConfigurationList;
			buildConfigurations = (
				C01FCF4F08A954540054247B /* Debug */,
				C01FCF5008A954540054247B /* Release */,
			);
			defaultConfigurationIsVisible = 0;
			defaultConfigurationName = Release;
		};
/* End XCConfigurationList section */
	};
	rootObject = 29B97313FDCFA39411CA2CEA /* Project object */;
}
